// !$*UTF8*$!
{
	archiveVersion = 1;
	classes = {
	};
	objectVersion = 56;
	objects = {

/* Begin PBXBuildFile section */
		/* Main App Files */
		A1000001001 /* CaffeinatorApp.swift in Sources */ = {isa = PBXBuildFile; fileRef = A1000001000 /* CaffeinatorApp.swift */; };
		
		/* Models */
		A1000002001 /* CaffeinateMode.swift in Sources */ = {isa = PBXBuildFile; fileRef = A1000002000 /* CaffeinateMode.swift */; };
		A1000002003 /* Duration.swift in Sources */ = {isa = PBXBuildFile; fileRef = A1000002002 /* Duration.swift */; };
		A1000002005 /* WatchedProcess.swift in Sources */ = {isa = PBXBuildFile; fileRef = A1000002004 /* WatchedProcess.swift */; };
		
		/* ViewModels */
		A1000003001 /* CaffeinateManager.swift in Sources */ = {isa = PBXBuildFile; fileRef = A1000003000 /* CaffeinateManager.swift */; };
		A1000003003 /* ProcessWatcher.swift in Sources */ = {isa = PBXBuildFile; fileRef = A1000003002 /* ProcessWatcher.swift */; };
		A1000003005 /* SettingsViewModel.swift in Sources */ = {isa = PBXBuildFile; fileRef = A1000003004 /* SettingsViewModel.swift */; };
		
		/* Views */
		A1000004001 /* MenuBarView.swift in Sources */ = {isa = PBXBuildFile; fileRef = A1000004000 /* MenuBarView.swift */; };
		A1000004007 /* ProcessPickerView.swift in Sources */ = {isa = PBXBuildFile; fileRef = A1000004006 /* ProcessPickerView.swift */; };
		A1000004009 /* SettingsView.swift in Sources */ = {isa = PBXBuildFile; fileRef = A1000004008 /* SettingsView.swift */; };
		
		/* Components */
		A1000005001 /* AnimatedCoffeeIcon.swift in Sources */ = {isa = PBXBuildFile; fileRef = A1000005000 /* AnimatedCoffeeIcon.swift */; };
		
		/* Utilities */
		A1000006001 /* KeyboardShortcuts.swift in Sources */ = {isa = PBXBuildFile; fileRef = A1000006000 /* KeyboardShortcuts.swift */; };
		A1000006005 /* NotificationManager.swift in Sources */ = {isa = PBXBuildFile; fileRef = A1000006004 /* NotificationManager.swift */; };
		A1000006007 /* DesignSystem.swift in Sources */ = {isa = PBXBuildFile; fileRef = A1000006006 /* DesignSystem.swift */; };
		
		/* Models - Additional */
		A1000002007 /* DeveloperPreset.swift in Sources */ = {isa = PBXBuildFile; fileRef = A1000002006 /* DeveloperPreset.swift */; };
		A1000002009 /* TimerPreset.swift in Sources */ = {isa = PBXBuildFile; fileRef = A1000002008 /* TimerPreset.swift */; };
		
		/* CLI */
		A1000007001 /* main.swift in Sources */ = {isa = PBXBuildFile; fileRef = A1000007000 /* main.swift */; };
/* End PBXBuildFile section */

/* Begin PBXCopyFilesBuildPhase section */
		A1000008000 /* CopyFiles */ = {
			isa = PBXCopyFilesBuildPhase;
			buildActionMask = 2147483647;
			dstPath = /usr/share/man/man1/;
			dstSubfolderSpec = 0;
			files = (
			);
			runOnlyForDeploymentPostprocessing = 1;
		};
		A1000008001 /* Embed CLI */ = {
			isa = PBXCopyFilesBuildPhase;
			buildActionMask = 2147483647;
			dstPath = "";
			dstSubfolderSpec = 6;
			files = (
			);
			name = "Embed CLI";
			runOnlyForDeploymentPostprocessing = 0;
		};
/* End PBXCopyFilesBuildPhase section */

/* Begin PBXFileReference section */
		/* App Product */
		A1000000001 /* Caffeinator.app */ = {isa = PBXFileReference; explicitFileType = wrapper.application; includeInIndex = 0; path = Caffeinator.app; sourceTree = BUILT_PRODUCTS_DIR; };
		
		/* CLI Product */
		A1000000002 /* CaffeinatorCLI */ = {isa = PBXFileReference; explicitFileType = "compiled.mach-o.executable"; includeInIndex = 0; path = CaffeinatorCLI; sourceTree = BUILT_PRODUCTS_DIR; };
		
		/* Main App */
		A1000001000 /* CaffeinatorApp.swift */ = {isa = PBXFileReference; lastKnownFileType = sourcecode.swift; path = CaffeinatorApp.swift; sourceTree = "<group>"; };
		A1000001002 /* Info.plist */ = {isa = PBXFileReference; lastKnownFileType = text.plist.xml; path = Info.plist; sourceTree = "<group>"; };
		A1000001003 /* Caffeinator.entitlements */ = {isa = PBXFileReference; lastKnownFileType = text.plist.entitlements; path = Caffeinator.entitlements; sourceTree = "<group>"; };
		
		/* Models */
		A1000002000 /* CaffeinateMode.swift */ = {isa = PBXFileReference; lastKnownFileType = sourcecode.swift; path = CaffeinateMode.swift; sourceTree = "<group>"; };
		A1000002002 /* Duration.swift */ = {isa = PBXFileReference; lastKnownFileType = sourcecode.swift; path = Duration.swift; sourceTree = "<group>"; };
		A1000002004 /* WatchedProcess.swift */ = {isa = PBXFileReference; lastKnownFileType = sourcecode.swift; path = WatchedProcess.swift; sourceTree = "<group>"; };
		
		/* ViewModels */
		A1000003000 /* CaffeinateManager.swift */ = {isa = PBXFileReference; lastKnownFileType = sourcecode.swift; path = CaffeinateManager.swift; sourceTree = "<group>"; };
		A1000003002 /* ProcessWatcher.swift */ = {isa = PBXFileReference; lastKnownFileType = sourcecode.swift; path = ProcessWatcher.swift; sourceTree = "<group>"; };
		A1000003004 /* SettingsViewModel.swift */ = {isa = PBXFileReference; lastKnownFileType = sourcecode.swift; path = SettingsViewModel.swift; sourceTree = "<group>"; };
		
		/* Views */
		A1000004000 /* MenuBarView.swift */ = {isa = PBXFileReference; lastKnownFileType = sourcecode.swift; path = MenuBarView.swift; sourceTree = "<group>"; };
		A1000004006 /* ProcessPickerView.swift */ = {isa = PBXFileReference; lastKnownFileType = sourcecode.swift; path = ProcessPickerView.swift; sourceTree = "<group>"; };
		A1000004008 /* SettingsView.swift */ = {isa = PBXFileReference; lastKnownFileType = sourcecode.swift; path = SettingsView.swift; sourceTree = "<group>"; };
		
		/* Components */
		A1000005000 /* AnimatedCoffeeIcon.swift */ = {isa = PBXFileReference; lastKnownFileType = sourcecode.swift; path = AnimatedCoffeeIcon.swift; sourceTree = "<group>"; };
		
		/* Utilities */
		A1000006000 /* KeyboardShortcuts.swift */ = {isa = PBXFileReference; lastKnownFileType = sourcecode.swift; path = KeyboardShortcuts.swift; sourceTree = "<group>"; };
		A1000006004 /* NotificationManager.swift */ = {isa = PBXFileReference; lastKnownFileType = sourcecode.swift; path = NotificationManager.swift; sourceTree = "<group>"; };
		A1000006006 /* DesignSystem.swift */ = {isa = PBXFileReference; lastKnownFileType = sourcecode.swift; path = DesignSystem.swift; sourceTree = "<group>"; };
		
		/* Models - Additional */
		A1000002006 /* DeveloperPreset.swift */ = {isa = PBXFileReference; lastKnownFileType = sourcecode.swift; path = DeveloperPreset.swift; sourceTree = "<group>"; };
		A1000002008 /* TimerPreset.swift */ = {isa = PBXFileReference; lastKnownFileType = sourcecode.swift; path = TimerPreset.swift; sourceTree = "<group>"; };
		
		/* CLI */
		A1000007000 /* main.swift */ = {isa = PBXFileReference; lastKnownFileType = sourcecode.swift; path = main.swift; sourceTree = "<group>"; };
/* End PBXFileReference section */

/* Begin PBXFrameworksBuildPhase section */
		A1000009000 /* Frameworks */ = {
			isa = PBXFrameworksBuildPhase;
			buildActionMask = 2147483647;
			files = (
			);
			runOnlyForDeploymentPostprocessing = 0;
		};
		A1000009001 /* Frameworks */ = {
			isa = PBXFrameworksBuildPhase;
			buildActionMask = 2147483647;
			files = (
			);
			runOnlyForDeploymentPostprocessing = 0;
		};
/* End PBXFrameworksBuildPhase section */

/* Begin PBXGroup section */
		A100000A000 = {
			isa = PBXGroup;
			children = (
				A100000A001 /* Caffeinator */,
				A100000A002 /* CaffeinatorCLI */,
				A100000A003 /* Products */,
			);
			sourceTree = "<group>";
		};
		A100000A001 /* Caffeinator */ = {
			isa = PBXGroup;
			children = (
				A1000001000 /* CaffeinatorApp.swift */,
				A100000A004 /* Models */,
				A100000A005 /* ViewModels */,
				A100000A006 /* Views */,
				A100000A007 /* Components */,
				A100000A008 /* Utilities */,
				A1000001002 /* Info.plist */,
				A1000001003 /* Caffeinator.entitlements */,
			);
			path = Caffeinator;
			sourceTree = "<group>";
		};
		A100000A002 /* CaffeinatorCLI */ = {
			isa = PBXGroup;
			children = (
				A1000007000 /* main.swift */,
			);
			path = CaffeinatorCLI;
			sourceTree = "<group>";
		};
		A100000A003 /* Products */ = {
			isa = PBXGroup;
			children = (
				A1000000001 /* Caffeinator.app */,
				A1000000002 /* CaffeinatorCLI */,
			);
			name = Products;
			sourceTree = "<group>";
		};
		A100000A004 /* Models */ = {
			isa = PBXGroup;
			children = (
				A1000002000 /* CaffeinateMode.swift */,
				A1000002002 /* Duration.swift */,
				A1000002004 /* WatchedProcess.swift */,
				A1000002006 /* DeveloperPreset.swift */,
				A1000002008 /* TimerPreset.swift */,
			);
			path = Models;
			sourceTree = "<group>";
		};
		A100000A005 /* ViewModels */ = {
			isa = PBXGroup;
			children = (
				A1000003000 /* CaffeinateManager.swift */,
				A1000003002 /* ProcessWatcher.swift */,
				A1000003004 /* SettingsViewModel.swift */,
			);
			path = ViewModels;
			sourceTree = "<group>";
		};
		A100000A006 /* Views */ = {
			isa = PBXGroup;
			children = (
				A1000004000 /* MenuBarView.swift */,
				A1000004006 /* ProcessPickerView.swift */,
				A1000004008 /* SettingsView.swift */,
			);
			path = Views;
			sourceTree = "<group>";
		};
		A100000A007 /* Components */ = {
			isa = PBXGroup;
			children = (
				A1000005000 /* AnimatedCoffeeIcon.swift */,
			);
			path = Components;
			sourceTree = "<group>";
		};
		A100000A008 /* Utilities */ = {
			isa = PBXGroup;
			children = (
				A1000006000 /* KeyboardShortcuts.swift */,
				A1000006004 /* NotificationManager.swift */,
				A1000006006 /* DesignSystem.swift */,
			);
			path = Utilities;
			sourceTree = "<group>";
		};
/* End PBXGroup section */

/* Begin PBXNativeTarget section */
		A100000B000 /* Caffeinator */ = {
			isa = PBXNativeTarget;
			buildConfigurationList = A100000C000 /* Build configuration list for PBXNativeTarget "Caffeinator" */;
			buildPhases = (
				A100000B001 /* Sources */,
				A1000009000 /* Frameworks */,
				A100000B002 /* Resources */,
				A1000008001 /* Embed CLI */,
			);
			buildRules = (
			);
			dependencies = (
				A100000B003 /* PBXTargetDependency */,
			);
			name = Caffeinator;
			productName = Caffeinator;
			productReference = A1000000001 /* Caffeinator.app */;
			productType = "com.apple.product-type.application";
		};
		A100000B004 /* CaffeinatorCLI */ = {
			isa = PBXNativeTarget;
			buildConfigurationList = A100000C001 /* Build configuration list for PBXNativeTarget "CaffeinatorCLI" */;
			buildPhases = (
				A100000B005 /* Sources */,
				A1000009001 /* Frameworks */,
				A1000008000 /* CopyFiles */,
			);
			buildRules = (
			);
			dependencies = (
			);
			name = CaffeinatorCLI;
			productName = CaffeinatorCLI;
			productReference = A1000000002 /* CaffeinatorCLI */;
			productType = "com.apple.product-type.tool";
		};
/* End PBXNativeTarget section */

/* Begin PBXProject section */
		A100000D000 /* Project object */ = {
			isa = PBXProject;
			attributes = {
				BuildIndependentTargetsInParallel = 1;
				LastSwiftUpdateCheck = 1500;
				LastUpgradeCheck = 1500;
				TargetAttributes = {
					A100000B000 = {
						CreatedOnToolsVersion = 15.0;
					};
					A100000B004 = {
						CreatedOnToolsVersion = 15.0;
					};
				};
			};
			buildConfigurationList = A100000C002 /* Build configuration list for PBXProject "Caffeinator" */;
			compatibilityVersion = "Xcode 14.0";
			developmentRegion = en;
			hasScannedForEncodings = 0;
			knownRegions = (
				en,
				Base,
			);
			mainGroup = A100000A000;
			productRefGroup = A100000A003 /* Products */;
			projectDirPath = "";
			projectRoot = "";
			targets = (
				A100000B000 /* Caffeinator */,
				A100000B004 /* CaffeinatorCLI */,
			);
		};
/* End PBXProject section */

/* Begin PBXResourcesBuildPhase section */
		A100000B002 /* Resources */ = {
			isa = PBXResourcesBuildPhase;
			buildActionMask = 2147483647;
			files = (
			);
			runOnlyForDeploymentPostprocessing = 0;
		};
/* End PBXResourcesBuildPhase section */

/* Begin PBXSourcesBuildPhase section */
		A100000B001 /* Sources */ = {
			isa = PBXSourcesBuildPhase;
			buildActionMask = 2147483647;
			files = (
				A1000001001 /* CaffeinatorApp.swift in Sources */,
				A1000002001 /* CaffeinateMode.swift in Sources */,
				A1000002003 /* Duration.swift in Sources */,
				A1000002005 /* WatchedProcess.swift in Sources */,
				A1000003001 /* CaffeinateManager.swift in Sources */,
				A1000003003 /* ProcessWatcher.swift in Sources */,
				A1000003005 /* SettingsViewModel.swift in Sources */,
				A1000004001 /* MenuBarView.swift in Sources */,
				A1000004007 /* ProcessPickerView.swift in Sources */,
				A1000004009 /* SettingsView.swift in Sources */,
				A1000005001 /* AnimatedCoffeeIcon.swift in Sources */,
				A1000006001 /* KeyboardShortcuts.swift in Sources */,
				A1000006005 /* NotificationManager.swift in Sources */,
				A1000006007 /* DesignSystem.swift in Sources */,
				A1000002007 /* DeveloperPreset.swift in Sources */,
				A1000002009 /* TimerPreset.swift in Sources */,
			);
			runOnlyForDeploymentPostprocessing = 0;
		};
		A100000B005 /* Sources */ = {
			isa = PBXSourcesBuildPhase;
			buildActionMask = 2147483647;
			files = (
				A1000007001 /* main.swift in Sources */,
			);
			runOnlyForDeploymentPostprocessing = 0;
		};
/* End PBXSourcesBuildPhase section */

/* Begin PBXTargetDependency section */
		A100000B003 /* PBXTargetDependency */ = {
			isa = PBXTargetDependency;
			target = A100000B004 /* CaffeinatorCLI */;
			targetProxy = A100000B006 /* PBXContainerItemProxy */;
		};
/* End PBXTargetDependency section */

/* Begin PBXContainerItemProxy section */
		A100000B006 /* PBXContainerItemProxy */ = {
			isa = PBXContainerItemProxy;
			containerPortal = A100000D000 /* Project object */;
			proxyType = 1;
			remoteGlobalIDString = A100000B004;
			remoteInfo = CaffeinatorCLI;
		};
/* End PBXContainerItemProxy section */

/* Begin XCBuildConfiguration section */
		/* Debug - Caffeinator */
		A100000E000 /* Debug */ = {
			isa = XCBuildConfiguration;
			buildSettings = {
				ASSETCATALOG_COMPILER_APPICON_NAME = AppIcon;
				ASSETCATALOG_COMPILER_GLOBAL_ACCENT_COLOR_NAME = AccentColor;
				CODE_SIGN_ENTITLEMENTS = Caffeinator/Caffeinator.entitlements;
				CODE_SIGN_STYLE = Automatic;
				COMBINE_HIDPI_IMAGES = YES;
				CURRENT_PROJECT_VERSION = 1;
				DEVELOPMENT_TEAM = "";
				ENABLE_HARDENED_RUNTIME = YES;
				GENERATE_INFOPLIST_FILE = NO;
				INFOPLIST_FILE = Caffeinator/Info.plist;
				INFOPLIST_KEY_LSApplicationCategoryType = "public.app-category.utilities";
				INFOPLIST_KEY_NSHumanReadableCopyright = "Copyright 2026 Tasnim Zotder. All rights reserved.";
				LD_RUNPATH_SEARCH_PATHS = (
					"$(inherited)",
					"@executable_path/../Frameworks",
				);
				MACOSX_DEPLOYMENT_TARGET = 14.0;
				MARKETING_VERSION = 0.0.1-alpha;
				PRODUCT_BUNDLE_IDENTIFIER = dev.tasnim.caffeinator;
				PRODUCT_NAME = "$(TARGET_NAME)";
				SWIFT_EMIT_LOC_STRINGS = YES;
				SWIFT_VERSION = 5.0;
			};
			name = Debug;
		};
		/* Release - Caffeinator */
		A100000E001 /* Release */ = {
			isa = XCBuildConfiguration;
			buildSettings = {
				ASSETCATALOG_COMPILER_APPICON_NAME = AppIcon;
				ASSETCATALOG_COMPILER_GLOBAL_ACCENT_COLOR_NAME = AccentColor;
				CODE_SIGN_ENTITLEMENTS = Caffeinator/Caffeinator.entitlements;
				CODE_SIGN_STYLE = Automatic;
				COMBINE_HIDPI_IMAGES = YES;
				CURRENT_PROJECT_VERSION = 1;
				DEVELOPMENT_TEAM = "";
				ENABLE_HARDENED_RUNTIME = YES;
				GENERATE_INFOPLIST_FILE = NO;
				INFOPLIST_FILE = Caffeinator/Info.plist;
				INFOPLIST_KEY_LSApplicationCategoryType = "public.app-category.utilities";
				INFOPLIST_KEY_NSHumanReadableCopyright = "Copyright 2026 Tasnim Zotder. All rights reserved.";
				LD_RUNPATH_SEARCH_PATHS = (
					"$(inherited)",
					"@executable_path/../Frameworks",
				);
				MACOSX_DEPLOYMENT_TARGET = 14.0;
				MARKETING_VERSION = 0.0.1-alpha;
				PRODUCT_BUNDLE_IDENTIFIER = dev.tasnim.caffeinator;
				PRODUCT_NAME = "$(TARGET_NAME)";
				SWIFT_EMIT_LOC_STRINGS = YES;
				SWIFT_VERSION = 5.0;
			};
			name = Release;
		};
		/* Debug - CaffeinatorCLI */
		A100000E002 /* Debug */ = {
			isa = XCBuildConfiguration;
			buildSettings = {
				CODE_SIGN_STYLE = Automatic;
				DEVELOPMENT_TEAM = "";
				ENABLE_HARDENED_RUNTIME = YES;
				MACOSX_DEPLOYMENT_TARGET = 14.0;
				PRODUCT_NAME = "$(TARGET_NAME)";
				SWIFT_VERSION = 5.0;
			};
			name = Debug;
		};
		/* Release - CaffeinatorCLI */
		A100000E003 /* Release */ = {
			isa = XCBuildConfiguration;
			buildSettings = {
				CODE_SIGN_STYLE = Automatic;
				DEVELOPMENT_TEAM = "";
				ENABLE_HARDENED_RUNTIME = YES;
				MACOSX_DEPLOYMENT_TARGET = 14.0;
				PRODUCT_NAME = "$(TARGET_NAME)";
				SWIFT_VERSION = 5.0;
			};
			name = Release;
		};
		/* Debug - Project */
		A100000E004 /* Debug */ = {
			isa = XCBuildConfiguration;
			buildSettings = {
				ALWAYS_SEARCH_USER_PATHS = NO;
				ASSETCATALOG_COMPILER_GENERATE_SWIFT_ASSET_SYMBOL_EXTENSIONS = YES;
				CLANG_ANALYZER_NONNULL = YES;
				CLANG_ANALYZER_NUMBER_OBJECT_CONVERSION = YES_AGGRESSIVE;
				CLANG_CXX_LANGUAGE_STANDARD = "gnu++20";
				CLANG_ENABLE_MODULES = YES;
				CLANG_ENABLE_OBJC_ARC = YES;
				CLANG_ENABLE_OBJC_WEAK = YES;
				CLANG_WARN_BLOCK_CAPTURE_AUTORELEASING = YES;
				CLANG_WARN_BOOL_CONVERSION = YES;
				CLANG_WARN_COMMA = YES;
				CLANG_WARN_CONSTANT_CONVERSION = YES;
				CLANG_WARN_DEPRECATED_OBJC_IMPLEMENTATIONS = YES;
				CLANG_WARN_DIRECT_OBJC_ISA_USAGE = YES_ERROR;
				CLANG_WARN_DOCUMENTATION_COMMENTS = YES;
				CLANG_WARN_EMPTY_BODY = YES;
				CLANG_WARN_ENUM_CONVERSION = YES;
				CLANG_WARN_INFINITE_RECURSION = YES;
				CLANG_WARN_INT_CONVERSION = YES;
				CLANG_WARN_NON_LITERAL_NULL_CONVERSION = YES;
				CLANG_WARN_OBJC_IMPLICIT_RETAIN_SELF = YES;
				CLANG_WARN_OBJC_LITERAL_CONVERSION = YES;
				CLANG_WARN_OBJC_ROOT_CLASS = YES_ERROR;
				CLANG_WARN_QUOTED_INCLUDE_IN_FRAMEWORK_HEADER = YES;
				CLANG_WARN_RANGE_LOOP_ANALYSIS = YES;
				CLANG_WARN_STRICT_PROTOTYPES = YES;
				CLANG_WARN_SUSPICIOUS_MOVE = YES;
				CLANG_WARN_UNGUARDED_AVAILABILITY = YES_AGGRESSIVE;
				CLANG_WARN_UNREACHABLE_CODE = YES;
				CLANG_WARN__DUPLICATE_METHOD_MATCH = YES;
				COPY_PHASE_STRIP = NO;
				DEBUG_INFORMATION_FORMAT = dwarf;
				ENABLE_STRICT_OBJC_MSGSEND = YES;
				ENABLE_TESTABILITY = YES;
				ENABLE_USER_SCRIPT_SANDBOXING = YES;
				GCC_C_LANGUAGE_STANDARD = gnu17;
				GCC_DYNAMIC_NO_PIC = NO;
				GCC_NO_COMMON_BLOCKS = YES;
				GCC_OPTIMIZATION_LEVEL = 0;
				GCC_PREPROCESSOR_DEFINITIONS = (
					"DEBUG=1",
					"$(inherited)",
				);
				GCC_WARN_64_TO_32_BIT_CONVERSION = YES;
				GCC_WARN_ABOUT_RETURN_TYPE = YES_ERROR;
				GCC_WARN_UNDECLARED_SELECTOR = YES;
				GCC_WARN_UNINITIALIZED_AUTOS = YES_AGGRESSIVE;
				GCC_WARN_UNUSED_FUNCTION = YES;
				GCC_WARN_UNUSED_VARIABLE = YES;
				LOCALIZATION_PREFERS_STRING_CATALOGS = YES;
				MACOSX_DEPLOYMENT_TARGET = 14.0;
				MTL_ENABLE_DEBUG_INFO = INCLUDE_SOURCE;
				MTL_FAST_MATH = YES;
				ONLY_ACTIVE_ARCH = YES;
				SDKROOT = macosx;
				SWIFT_ACTIVE_COMPILATION_CONDITIONS = "DEBUG $(inherited)";
				SWIFT_OPTIMIZATION_LEVEL = "-Onone";
			};
			name = Debug;
		};
		/* Release - Project */
		A100000E005 /* Release */ = {
			isa = XCBuildConfiguration;
			buildSettings = {
				ALWAYS_SEARCH_USER_PATHS = NO;
				ASSETCATALOG_COMPILER_GENERATE_SWIFT_ASSET_SYMBOL_EXTENSIONS = YES;
				CLANG_ANALYZER_NONNULL = YES;
				CLANG_ANALYZER_NUMBER_OBJECT_CONVERSION = YES_AGGRESSIVE;
				CLANG_CXX_LANGUAGE_STANDARD = "gnu++20";
				CLANG_ENABLE_MODULES = YES;
				CLANG_ENABLE_OBJC_ARC = YES;
				CLANG_ENABLE_OBJC_WEAK = YES;
				CLANG_WARN_BLOCK_CAPTURE_AUTORELEASING = YES;
				CLANG_WARN_BOOL_CONVERSION = YES;
				CLANG_WARN_COMMA = YES;
				CLANG_WARN_CONSTANT_CONVERSION = YES;
				CLANG_WARN_DEPRECATED_OBJC_IMPLEMENTATIONS = YES;
				CLANG_WARN_DIRECT_OBJC_ISA_USAGE = YES_ERROR;
				CLANG_WARN_DOCUMENTATION_COMMENTS = YES;
				CLANG_WARN_EMPTY_BODY = YES;
				CLANG_WARN_ENUM_CONVERSION = YES;
				CLANG_WARN_INFINITE_RECURSION = YES;
				CLANG_WARN_INT_CONVERSION = YES;
				CLANG_WARN_NON_LITERAL_NULL_CONVERSION = YES;
				CLANG_WARN_OBJC_IMPLICIT_RETAIN_SELF = YES;
				CLANG_WARN_OBJC_LITERAL_CONVERSION = YES;
				CLANG_WARN_OBJC_ROOT_CLASS = YES_ERROR;
				CLANG_WARN_QUOTED_INCLUDE_IN_FRAMEWORK_HEADER = YES;
				CLANG_WARN_RANGE_LOOP_ANALYSIS = YES;
				CLANG_WARN_STRICT_PROTOTYPES = YES;
				CLANG_WARN_SUSPICIOUS_MOVE = YES;
				CLANG_WARN_UNGUARDED_AVAILABILITY = YES_AGGRESSIVE;
				CLANG_WARN_UNREACHABLE_CODE = YES;
				CLANG_WARN__DUPLICATE_METHOD_MATCH = YES;
				COPY_PHASE_STRIP = NO;
				DEBUG_INFORMATION_FORMAT = "dwarf-with-dsym";
				ENABLE_NS_ASSERTIONS = NO;
				ENABLE_STRICT_OBJC_MSGSEND = YES;
				ENABLE_USER_SCRIPT_SANDBOXING = YES;
				GCC_C_LANGUAGE_STANDARD = gnu17;
				GCC_NO_COMMON_BLOCKS = YES;
				GCC_WARN_64_TO_32_BIT_CONVERSION = YES;
				GCC_WARN_ABOUT_RETURN_TYPE = YES_ERROR;
				GCC_WARN_UNDECLARED_SELECTOR = YES;
				GCC_WARN_UNINITIALIZED_AUTOS = YES_AGGRESSIVE;
				GCC_WARN_UNUSED_FUNCTION = YES;
				GCC_WARN_UNUSED_VARIABLE = YES;
				LOCALIZATION_PREFERS_STRING_CATALOGS = YES;
				MACOSX_DEPLOYMENT_TARGET = 14.0;
				MTL_ENABLE_DEBUG_INFO = NO;
				MTL_FAST_MATH = YES;
				SDKROOT = macosx;
				SWIFT_COMPILATION_MODE = wholemodule;
			};
			name = Release;
		};
/* End XCBuildConfiguration section */

/* Begin XCConfigurationList section */
		A100000C000 /* Build configuration list for PBXNativeTarget "Caffeinator" */ = {
			isa = XCConfigurationList;
			buildConfigurations = (
				A100000E000 /* Debug */,
				A100000E001 /* Release */,
			);
			defaultConfigurationIsVisible = 0;
			defaultConfigurationName = Release;
		};
		A100000C001 /* Build configuration list for PBXNativeTarget "CaffeinatorCLI" */ = {
			isa = XCConfigurationList;
			buildConfigurations = (
				A100000E002 /* Debug */,
				A100000E003 /* Release */,
			);
			defaultConfigurationIsVisible = 0;
			defaultConfigurationName = Release;
		};
		A100000C002 /* Build configuration list for PBXProject "Caffeinator" */ = {
			isa = XCConfigurationList;
			buildConfigurations = (
				A100000E004 /* Debug */,
				A100000E005 /* Release */,
			);
			defaultConfigurationIsVisible = 0;
			defaultConfigurationName = Release;
		};
/* End XCConfigurationList section */

	};
	rootObject = A100000D000 /* Project object */;
}
